# THIS IS AN AUTOGENERATED FILE. DO NOT EDIT THIS FILE DIRECTLY.
# yarn lockfile v1


"@codemirror/autocomplete@^0.19.0":
  version "0.19.3"
  resolved "https://registry.yarnpkg.com/@codemirror/autocomplete/-/autocomplete-0.19.3.tgz#0266ac29617277d2d8cc7dcfb600c1e50c332d35"
  integrity sha512-5juP6hVrHAogzQ0JUTQuibE8j1seqeGNJ98qLUPuliI6kLBg5INS4qvUI1Brqye+wYPFu7UHqrrn13RLh5YSzw==
  dependencies:
    "@codemirror/language" "^0.19.0"
    "@codemirror/state" "^0.19.0"
    "@codemirror/text" "^0.19.2"
    "@codemirror/tooltip" "^0.19.0"
    "@codemirror/view" "^0.19.0"
    "@lezer/common" "^0.15.0"

"@codemirror/basic-setup@^0.19.0":
  version "0.19.0"
  resolved "https://registry.yarnpkg.com/@codemirror/basic-setup/-/basic-setup-0.19.0.tgz#dc84dd735c8a88dd38c9dcc80cbfefa31d7e8f20"
  integrity sha512-Yhrf7fIz8+INHWOhpWeRwbs8fpc0KsydX9baD7TyYqniLVWyTi0Hwm52mr0f5O+k4YaJPeHAgT3x9gzDXZIvOw==
  dependencies:
    "@codemirror/autocomplete" "^0.19.0"
    "@codemirror/closebrackets" "^0.19.0"
    "@codemirror/commands" "^0.19.0"
    "@codemirror/comment" "^0.19.0"
    "@codemirror/fold" "^0.19.0"
    "@codemirror/gutter" "^0.19.0"
    "@codemirror/highlight" "^0.19.0"
    "@codemirror/history" "^0.19.0"
    "@codemirror/language" "^0.19.0"
    "@codemirror/lint" "^0.19.0"
    "@codemirror/matchbrackets" "^0.19.0"
    "@codemirror/rectangular-selection" "^0.19.0"
    "@codemirror/search" "^0.19.0"
    "@codemirror/state" "^0.19.0"
    "@codemirror/view" "^0.19.0"

"@codemirror/closebrackets@^0.19.0":
  version "0.19.0"
  resolved "https://registry.yarnpkg.com/@codemirror/closebrackets/-/closebrackets-0.19.0.tgz#69fdcee85779d638a00a42becd9f53a33a26d77f"
  integrity sha512-dFWX5OEVYWRNtGaifSbwIAlymnRRjxWMiMbffbAjF7p0zfGHDbdGkiT56q3Xud63h5/tQdSo5dK1iyNTzHz5vg==
  dependencies:
    "@codemirror/language" "^0.19.0"
    "@codemirror/rangeset" "^0.19.0"
    "@codemirror/state" "^0.19.0"
    "@codemirror/text" "^0.19.0"
    "@codemirror/view" "^0.19.0"

"@codemirror/commands@^0.19.0":
  version "0.19.4"
  resolved "https://registry.yarnpkg.com/@codemirror/commands/-/commands-0.19.4.tgz#455ce92fb058c05736a3722385fa1dbf7503d549"
  integrity sha512-EW6ffAIdu7aGWWwEG4xRcKLR+1RXH7hJqMt5mbrxDSc2xAQBgqxIPFglcMeSkC7qqkwPuqv3xavVh1+0gQ0piQ==
  dependencies:
    "@codemirror/language" "^0.19.0"
    "@codemirror/matchbrackets" "^0.19.0"
    "@codemirror/state" "^0.19.2"
    "@codemirror/text" "^0.19.0"
    "@codemirror/view" "^0.19.0"
    "@lezer/common" "^0.15.0"

"@codemirror/comment@^0.19.0":
  version "0.19.0"
  resolved "https://registry.yarnpkg.com/@codemirror/comment/-/comment-0.19.0.tgz#4f23497924e9346898c2e0123011acc535a0bea6"
  integrity sha512-3hqAd0548fxqOBm4khFMcXVIivX8p0bSlbAuZJ6PNoUn/0wXhxkxowPp0FmFzU2+y37Z+ZQF5cRB5EREWPRIiQ==
  dependencies:
    "@codemirror/state" "^0.19.0"
    "@codemirror/text" "^0.19.0"
    "@codemirror/view" "^0.19.0"

"@codemirror/fold@^0.19.0":
  version "0.19.0"
  resolved "https://registry.yarnpkg.com/@codemirror/fold/-/fold-0.19.0.tgz#cd57537870ff581ae57199a7658abe3f9908f2ed"
  integrity sha512-cHbr2hqKe2pMls1Ia1a4IwXly87ljpmvPUKkul6H/Uv9kCwpQLOP3dGMPXbMGm/1hGjBF/0wnc+m2iba9iJBTQ==
  dependencies:
    "@codemirror/gutter" "^0.19.0"
    "@codemirror/language" "^0.19.0"
    "@codemirror/rangeset" "^0.19.0"
    "@codemirror/state" "^0.19.0"
    "@codemirror/view" "^0.19.0"

"@codemirror/gutter@^0.19.0":
  version "0.19.2"
  resolved "https://registry.yarnpkg.com/@codemirror/gutter/-/gutter-0.19.2.tgz#afc61dbe2977ff83aff8675200deab6d04244c5c"
  integrity sha512-xiayxhc9uq1UXiG/r/E3AAYXZt+EtSdgdQXC4nlMHvbfw2EmtryfzGO3HrgasHRyAW8uNCaO9JO4n7mU7rm1rQ==
  dependencies:
    "@codemirror/rangeset" "^0.19.0"
    "@codemirror/state" "^0.19.0"
    "@codemirror/view" "^0.19.0"

"@codemirror/highlight@^0.19.0":
  version "0.19.5"
  resolved "https://registry.yarnpkg.com/@codemirror/highlight/-/highlight-0.19.5.tgz#4e04a8986395701f430a56d96c0d7525ff9f8982"
  integrity sha512-JDGEH/l/DGpxG2k+mgqMKcuFURIs42eoTB4H4tN7QmzyW/z/MlNKiHHv7pWXyN+H5QvftK5yctsxUu77EZikmw==
  dependencies:
    "@codemirror/language" "^0.19.0"
    "@codemirror/rangeset" "^0.19.0"
    "@codemirror/state" "^0.19.0"
    "@codemirror/view" "^0.19.0"
    "@lezer/common" "^0.15.0"
    style-mod "^4.0.0"

"@codemirror/history@^0.19.0":
  version "0.19.0"
  resolved "https://registry.yarnpkg.com/@codemirror/history/-/history-0.19.0.tgz#cc8095c927c9566f7b69fa404074edde4c54d39c"
  integrity sha512-E0H+lncH66IMDhaND9jgkjE7s0dhYfjCPmS+Ig2Yes9I8+UIEecIdObj8c8HPCFGctGg3fxXqRAw2mdHl2Wouw==
  dependencies:
    "@codemirror/state" "^0.19.0"
    "@codemirror/view" "^0.19.0"

"@codemirror/language@^0.19.0":
  version "0.19.3"
  resolved "https://registry.yarnpkg.com/@codemirror/language/-/language-0.19.3.tgz#e4f61555dec0787f757b78348a54a00f3bb23c9c"
  integrity sha512-6vjkRYHRJg/z9wdAk75nU2fQwCJBsh2HpkIjKXIHfzISSgLt5qSDxVhPd8Uu8PD5WMmFFP8tX7I9kdIt873o0A==
  dependencies:
    "@codemirror/state" "^0.19.0"
    "@codemirror/text" "^0.19.0"
    "@codemirror/view" "^0.19.0"
    "@lezer/common" "^0.15.5"
    "@lezer/lr" "^0.15.0"

"@codemirror/lint@^0.19.0":
  version "0.19.1"
  resolved "https://registry.yarnpkg.com/@codemirror/lint/-/lint-0.19.1.tgz#8035abd867d85b0bcbcea72db0077b2d738c7702"
  integrity sha512-Ef0TnXpF4Q4B+lvBdgHexe1dHbvkKBvBHsLB8HwTYffwjekg1YvEM+6zyjyjG9m6s1Ru0VaCNlNwotLaVZjHGQ==
  dependencies:
    "@codemirror/panel" "^0.19.0"
    "@codemirror/state" "^0.19.0"
    "@codemirror/tooltip" "^0.19.0"
    "@codemirror/view" "^0.19.0"
    crelt "^1.0.5"

"@codemirror/matchbrackets@^0.19.0":
  version "0.19.1"
  resolved "https://registry.yarnpkg.com/@codemirror/matchbrackets/-/matchbrackets-0.19.1.tgz#86dc57bc167e239731eb886bccd3b4e837dafadf"
  integrity sha512-jBEW2Uu3hWcrrkwkauaikCAE7s5liCwbccFa6rLK6DzwaynOqCKJGyDsbkfrhikofNRc1yh4V3vwUuxt2u4QbA==
  dependencies:
    "@codemirror/language" "^0.19.0"
    "@codemirror/state" "^0.19.0"
    "@codemirror/view" "^0.19.0"
    "@lezer/common" "^0.15.0"

"@codemirror/panel@^0.19.0":
  version "0.19.0"
  resolved "https://registry.yarnpkg.com/@codemirror/panel/-/panel-0.19.0.tgz#18c7a253a7a1ef686bece1ef13ec0e5eb6603265"
  integrity sha512-LJuu49xnuhaAztlhnLJQ57ddOirSyf8/lnl7twsQUG/05RkxodBZ9F7q8r5AOLqOkaQOy9WySEKX1Ur8lD9Q5w==
  dependencies:
    "@codemirror/state" "^0.19.0"
    "@codemirror/view" "^0.19.0"

"@codemirror/rangeset@^0.19.0":
  version "0.19.1"
  resolved "https://registry.yarnpkg.com/@codemirror/rangeset/-/rangeset-0.19.1.tgz#03ab6f93fb60d9ba98f810b98ed9471cba1e3854"
  integrity sha512-WaKTEw8JB/3QFlQzpdgRoklopcWvG8O/Xp+rxxOfFKYTaeaejpY/tjpyBBg+Ea65Ka3m7+pPp9d5j/oR2rd9NA==
  dependencies:
    "@codemirror/state" "^0.19.0"

"@codemirror/rectangular-selection@^0.19.0":
  version "0.19.0"
  resolved "https://registry.yarnpkg.com/@codemirror/rectangular-selection/-/rectangular-selection-0.19.0.tgz#6ea8ea31f6a6db346cd3c5229bfdbbb2e77138e4"
  integrity sha512-KdvoEweBgVsOcqdYFEinYGroS028pwUPkO3REzQC7Z/hT1KNqZUlyfoi6WBv3Gzp8b6l8NNA+rLnnYMSHlcGYA==
  dependencies:
    "@codemirror/state" "^0.19.0"
    "@codemirror/text" "^0.19.0"
    "@codemirror/view" "^0.19.0"

"@codemirror/search@^0.19.0":
  version "0.19.2"
  resolved "https://registry.yarnpkg.com/@codemirror/search/-/search-0.19.2.tgz#d549c3daa527e17c173cdfc90b7c1b02deab1502"
  integrity sha512-TrRxUxyJ/a7HXtUvMZhgkOUbKE1xO33UhXjn1XACEHKWhgovw1vEeEEti9dZejN8/QOOFJed39InUxmp7oQ8HA==
  dependencies:
    "@codemirror/panel" "^0.19.0"
    "@codemirror/rangeset" "^0.19.0"
    "@codemirror/state" "^0.19.2"
    "@codemirror/text" "^0.19.0"
    "@codemirror/view" "^0.19.0"
    crelt "^1.0.5"

"@codemirror/state@^0.19.0", "@codemirror/state@^0.19.2":
  version "0.19.2"
  resolved "https://registry.yarnpkg.com/@codemirror/state/-/state-0.19.2.tgz#81de81f89e87b9362b8bc6d51135637dddd4d33d"
  integrity sha512-dDqCrtkb0c/LYUlvQBLyLfkISEskbZnhvBbcVOF4j2AusJ1ptJ3EGMxBL9G16GP1TOdC1T613gA1J1qc3pbfGQ==
  dependencies:
    "@codemirror/text" "^0.19.0"

"@codemirror/text@^0.19.0", "@codemirror/text@^0.19.2":
  version "0.19.3"
  resolved "https://registry.yarnpkg.com/@codemirror/text/-/text-0.19.3.tgz#c00d86c7bb28360aa8e94beff815586fbda8fd43"
  integrity sha512-A0HBPZRwQ72XVMN1tg/pVUnvS5CKboBeHZE7cylYw0ljx9eX+NoYaK7apPSJO/Fwh9XhH9m8Va06EGc11VOzUw==

"@codemirror/tooltip@^0.19.0":
  version "0.19.2"
  resolved "https://registry.yarnpkg.com/@codemirror/tooltip/-/tooltip-0.19.2.tgz#a8f6b703edb64748106e136ec1f099a981a3f1d4"
  integrity sha512-FMMGGLrr62Ck54NEz8yTGpgo8ihobAsC3sbeQg+OpY4jv9dt1yIP5B9LzsIV+TXQB57JZQZxtTqzkhnFq76haw==
  dependencies:
    "@codemirror/state" "^0.19.0"
    "@codemirror/view" "^0.19.0"

"@codemirror/view@^0.19.0":
  version "0.19.7"
  resolved "https://registry.yarnpkg.com/@codemirror/view/-/view-0.19.7.tgz#af2c5d9246bb44cac24dcd1a60e7b45dfe06f209"
  integrity sha512-m9AKO8gec/QnyxR1uq182It0WwauTIaHkdjqtdlKx1IRgknH44SKIJIxwxZt4Y6VDhhivcEbugjoadNy0zR3wQ==
  dependencies:
    "@codemirror/rangeset" "^0.19.0"
    "@codemirror/state" "^0.19.2"
    "@codemirror/text" "^0.19.0"
    style-mod "^4.0.0"
    w3c-keyname "^2.2.4"

"@lezer/common@^0.15.0", "@lezer/common@^0.15.5":
  version "0.15.5"
  resolved "https://registry.yarnpkg.com/@lezer/common/-/common-0.15.5.tgz#29266bdd335b650e58efeb25c789b32e0dcdddfa"
  integrity sha512-ufcjclusHXGdhp4gSPbPD7sUd38SgOej7m5tAEuG2tNPzqzV0d1vwwLh57R6IwW79ml2mb3tUjAoDfqI7v1HEw==

"@lezer/lr@^0.15.0":
  version "0.15.2"
  resolved "https://registry.yarnpkg.com/@lezer/lr/-/lr-0.15.2.tgz#e03581a31bc0b44a0b804aeb9fece050853778c5"
  integrity sha512-gkQUkKCAw/zxOiTCGhjctV/C+FPmfwqXscM9EGgcYhUZewkLu2AsEl2Vlcral7xtDU0t6xwakT6Fw5jlMvMX6Q==
  dependencies:
    "@lezer/common" "^0.15.0"

colorette@^1.2.2:
  version "1.4.0"
  resolved "https://registry.yarnpkg.com/colorette/-/colorette-1.4.0.tgz#5190fbb87276259a86ad700bff2c6d6faa3fca40"
  integrity sha512-Y2oEozpomLn7Q3HFP7dpww7AtMJplbM9lGZP6RDfHqmbeRjiwRg4n6VM6j4KLmRke85uWEI7JqF17f3pqdRA0g==

crelt@^1.0.5:
  version "1.0.5"
  resolved "https://registry.yarnpkg.com/crelt/-/crelt-1.0.5.tgz#57c0d52af8c859e354bace1883eb2e1eb182bb94"
  integrity sha512-+BO9wPPi+DWTDcNYhr/W90myha8ptzftZT+LwcmUbbok0rcP/fequmFYCw8NMoH7pkAZQzU78b3kYrlua5a9eA==

esbuild@^0.12.17:
  version "0.12.28"
  resolved "https://registry.yarnpkg.com/esbuild/-/esbuild-0.12.28.tgz#84da0d2a0d0dee181281545271e0d65cf6fab1ef"
  integrity sha512-pZ0FrWZXlvQOATlp14lRSk1N9GkeJ3vLIwOcUoo3ICQn9WNR4rWoNi81pbn6sC1iYUy7QPqNzI3+AEzokwyVcA==

fsevents@~2.3.2:
  version "2.3.2"
  resolved "https://registry.yarnpkg.com/fsevents/-/fsevents-2.3.2.tgz#8a526f78b8fdf4623b709e0b975c52c24c02fd1a"
  integrity sha512-xiqMQR4xAeHTuB9uWm+fFRcIOgKBMiOBP+eXiyT7jsgVCq1bkVygt00oASowB7EdtpOHaaPgKt812P9ab+DDKA==

function-bind@^1.1.1:
  version "1.1.1"
  resolved "https://registry.yarnpkg.com/function-bind/-/function-bind-1.1.1.tgz#a56899d3ea3c9bab874bb9773b7c5ede92f4895d"
  integrity sha512-yIovAzMX49sF8Yl58fSCWJ5svSLuaibPxXQJFLmBObTuCr0Mf1KiPopGM9NiFjiYBCbfaa2Fh6breQ6ANVTI0A==

has@^1.0.3:
  version "1.0.3"
  resolved "https://registry.yarnpkg.com/has/-/has-1.0.3.tgz#722d7cbfc1f6aa8241f16dd814e011e1f41e8796"
  integrity sha512-f2dvO0VU6Oej7RkWJGrehjbzMAjFp5/VKPp5tTpWIV4JHHZK1/BxbFRtf/siA2SWTe09caDmVtYYzWEIbBS4zw==
  dependencies:
    function-bind "^1.1.1"

is-core-module@^2.2.0:
  version "2.6.0"
  resolved "https://registry.yarnpkg.com/is-core-module/-/is-core-module-2.6.0.tgz#d7553b2526fe59b92ba3e40c8df757ec8a709e19"
  integrity sha512-wShG8vs60jKfPWpF2KZRaAtvt3a20OAn7+IJ6hLPECpSABLcKtFKTTI4ZtH5QcBruBHlq+WsdHWyz0BCZW7svQ==
  dependencies:
    has "^1.0.3"

nanoid@^3.1.23:
  version "3.1.25"
  resolved "https://registry.yarnpkg.com/nanoid/-/nanoid-3.1.25.tgz#09ca32747c0e543f0e1814b7d3793477f9c8e152"
  integrity sha512-rdwtIXaXCLFAQbnfqDRnI6jaRHp9fTcYBjtFKE8eezcZ7LuLjhUaQGNeMXf1HmRoCH32CLz6XwX0TtxEOS/A3Q==

path-parse@^1.0.6:
  version "1.0.7"
  resolved "https://registry.yarnpkg.com/path-parse/-/path-parse-1.0.7.tgz#fbc114b60ca42b30d9daf5858e4bd68bbedb6735"
  integrity sha512-LDJzPVEEEPR+y48z93A0Ed0yXb8pAByGWo/k5YYdYgpY2/2EsOsksJrq7lOHxryrVOn1ejG6oAp8ahvOIQD8sw==

postcss@^8.3.6:
  version "8.3.6"
  resolved "https://registry.yarnpkg.com/postcss/-/postcss-8.3.6.tgz#2730dd76a97969f37f53b9a6096197be311cc4ea"
  integrity sha512-wG1cc/JhRgdqB6WHEuyLTedf3KIRuD0hG6ldkFEZNCjRxiC+3i6kkWUUbiJQayP28iwG35cEmAbe98585BYV0A==
  dependencies:
    colorette "^1.2.2"
    nanoid "^3.1.23"
    source-map-js "^0.6.2"

resolve@^1.20.0:
  version "1.20.0"
  resolved "https://registry.yarnpkg.com/resolve/-/resolve-1.20.0.tgz#629a013fb3f70755d6f0b7935cc1c2c5378b1975"
  integrity sha512-wENBPt4ySzg4ybFQW2TT1zMQucPK95HSh/nq2CFTZVOGut2+pQvSsgtda4d26YrYcr067wjbmzOG8byDPBX63A==
  dependencies:
    is-core-module "^2.2.0"
    path-parse "^1.0.6"

rollup@^2.38.5:
  version "2.56.3"
  resolved "https://registry.yarnpkg.com/rollup/-/rollup-2.56.3.tgz#b63edadd9851b0d618a6d0e6af8201955a77aeff"
  integrity sha512-Au92NuznFklgQCUcV96iXlxUbHuB1vQMaH76DHl5M11TotjOHwqk9CwcrT78+Tnv4FN9uTBxq6p4EJoYkpyekg==
  optionalDependencies:
    fsevents "~2.3.2"

source-map-js@^0.6.2:
  version "0.6.2"
  resolved "https://registry.yarnpkg.com/source-map-js/-/source-map-js-0.6.2.tgz#0bb5de631b41cfbda6cfba8bd05a80efdfd2385e"
  integrity sha512-/3GptzWzu0+0MBQFrDKzw/DvvMTUORvgY6k6jd/VS6iCR4RDTKWH6v6WPwQoUO8667uQEf9Oe38DxAYWY5F/Ug==

style-mod@^4.0.0:
  version "4.0.0"
  resolved "https://registry.yarnpkg.com/style-mod/-/style-mod-4.0.0.tgz#97e7c2d68b592975f2ca7a63d0dd6fcacfe35a01"
  integrity sha512-OPhtyEjyyN9x3nhPsu76f52yUGXiZcgvsrFVtvTkyGRQJ0XK+GPc6ov1z+lRpbeabka+MYEQxOYRnt5nF30aMw==

typescript@^4.3.2:
  version "4.4.3"
  resolved "https://registry.yarnpkg.com/typescript/-/typescript-4.4.3.tgz#bdc5407caa2b109efd4f82fe130656f977a29324"
  integrity sha512-4xfscpisVgqqDfPaJo5vkd+Qd/ItkoagnHpufr+i2QCHBsNYp+G7UAoyFl8aPtx879u38wPV65rZ8qbGZijalA==

vite@^2.5.4:
  version "2.5.10"
  resolved "https://registry.yarnpkg.com/vite/-/vite-2.5.10.tgz#c598e3b5a7e1956ffc52eb3b3420d177fc2ed2a5"
  integrity sha512-0ObiHTi5AHyXdJcvZ67HMsDgVpjT5RehvVKv6+Q0jFZ7zDI28PF5zK9mYz2avxdA+4iJMdwCz6wnGNnn4WX5Gg==
  dependencies:
    esbuild "^0.12.17"
    postcss "^8.3.6"
    resolve "^1.20.0"
    rollup "^2.38.5"
  optionalDependencies:
    fsevents "~2.3.2"

w3c-keyname@^2.2.4:
  version "2.2.4"
  resolved "https://registry.yarnpkg.com/w3c-keyname/-/w3c-keyname-2.2.4.tgz#4ade6916f6290224cdbd1db8ac49eab03d0eef6b"
  integrity sha512-tOhfEwEzFLJzf6d1ZPkYfGj+FWhIpBux9ppoP3rlclw3Z0BZv3N7b7030Z1kYth+6rDuAsXUFr+d0VE6Ed1ikw==
